
Microsoft Visual Studio Solution File, Format Version 12.00
# Visual Studio Version 17
VisualStudioVersion = 17.12.35707.178 d17.12
MinimumVisualStudioVersion = 10.0.40219.1
Project("{FAE04EC0-301F-11D3-BF4B-00C04F79EFBC}") = "Ecommerce.APIs", "Ecommerce.APIs\Ecommerce.APIs.csproj", "{20149E27-D746-43A2-8FE8-4412770D912B}"
EndProject
Global
	GlobalSection(SolutionConfigurationPlatforms) = preSolution
		Debug|Any CPU = Debug|Any CPU
		Release|Any CPU = Release|Any CPU
	EndGlobalSection
	GlobalSection(ProjectConfigurationPlatforms) = postSolution
		{20149E27-D746-43A2-8FE8-4412770D912B}.Debug|Any CPU.ActiveCfg = Debug|Any CPU
		{20149E27-D746-43A2-8FE8-4412770D912B}.Debug|Any CPU.Build.0 = Debug|Any CPU
		{20149E27-D746-43A2-8FE8-4412770D912B}.Release|Any CPU.ActiveCfg = Release|Any CPU
		{20149E27-D746-43A2-8FE8-4412770D912B}.Release|Any CPU.Build.0 = Release|Any CPU
	EndGlobalSection
	GlobalSection(SolutionProperties) = preSolution
		HideSolutionNode = FALSE
	EndGlobalSection
EndGlobal
